
Microsoft Visual Studio Solution File, Format Version 12.00
# Visual Studio Version 16
VisualStudioVersion = 16.0.30204.135
MinimumVisualStudioVersion = 10.0.40219.1
Project("{FAE04EC0-301F-11D3-BF4B-00C04F79EFBC}") = "BookListMVC", "BookListMVC.csproj", "{573DB036-C1D5-4495-91C2-B11EC5EA4D97}"
EndProject
Global
	GlobalSection(SolutionConfigurationPlatforms) = preSolution
		Debug|Any CPU = Debug|Any CPU
		Release|Any CPU = Release|Any CPU
	EndGlobalSection
	GlobalSection(ProjectConfigurationPlatforms) = postSolution
		{573DB036-C1D5-4495-91C2-B11EC5EA4D97}.Debug|Any CPU.ActiveCfg = Debug|Any CPU
		{573DB036-C1D5-4495-91C2-B11EC5EA4D97}.Debug|Any CPU.Build.0 = Debug|Any CPU
		{573DB036-C1D5-4495-91C2-B11EC5EA4D97}.Release|Any CPU.ActiveCfg = Release|Any CPU
		{573DB036-C1D5-4495-91C2-B11EC5EA4D97}.Release|Any CPU.Build.0 = Release|Any CPU
	EndGlobalSection
	GlobalSection(SolutionProperties) = preSolution
		HideSolutionNode = FALSE
	EndGlobalSection
	GlobalSection(ExtensibilityGlobals) = postSolution
		SolutionGuid = {D3A1FF64-32C8-4B9D-8D39-05386F81381C}
	EndGlobalSection
EndGlobal
